// !$*UTF8*$!
{
	archiveVersion = 1;
	classes = {
	};
	objectVersion = 46;
	objects = {

/* Begin PBXBuildFile section */
		84A732E4196C26CE008881CF /* Foundation.framework in Frameworks */ = {isa = PBXBuildFile; fileRef = 84A732E3196C26CE008881CF /* Foundation.framework */; };
		84A732E6196C26CE008881CF /* CoreGraphics.framework in Frameworks */ = {isa = PBXBuildFile; fileRef = 84A732E5196C26CE008881CF /* CoreGraphics.framework */; };
		84A732E8196C26CE008881CF /* UIKit.framework in Frameworks */ = {isa = PBXBuildFile; fileRef = 84A732E7196C26CE008881CF /* UIKit.framework */; };
		84A732EE196C26CE008881CF /* InfoPlist.strings in Resources */ = {isa = PBXBuildFile; fileRef = 84A732EC196C26CE008881CF /* InfoPlist.strings */; };
		84A732F0196C26CE008881CF /* main.m in Sources */ = {isa = PBXBuildFile; fileRef = 84A732EF196C26CE008881CF /* main.m */; };
		84A732F4196C26CE008881CF /* AppDelegate.m in Sources */ = {isa = PBXBuildFile; fileRef = 84A732F3196C26CE008881CF /* AppDelegate.m */; };
		84A732F7196C26CF008881CF /* Main.storyboard in Resources */ = {isa = PBXBuildFile; fileRef = 84A732F5196C26CF008881CF /* Main.storyboard */; };
		84A732FA196C26CF008881CF /* ViewController.m in Sources */ = {isa = PBXBuildFile; fileRef = 84A732F9196C26CF008881CF /* ViewController.m */; };
		84A732FC196C26CF008881CF /* Images.xcassets in Resources */ = {isa = PBXBuildFile; fileRef = 84A732FB196C26CF008881CF /* Images.xcassets */; };
		84A7331B196C2836008881CF /* RobotKit.framework in Frameworks */ = {isa = PBXBuildFile; fileRef = 84A73318196C2836008881CF /* RobotKit.framework */; };
		84A7331C196C2836008881CF /* RobotUIKit.bundle in Resources */ = {isa = PBXBuildFile; fileRef = 84A73319196C2836008881CF /* RobotUIKit.bundle */; };
		84A7331D196C2836008881CF /* RobotUIKit.framework in Frameworks */ = {isa = PBXBuildFile; fileRef = 84A7331A196C2836008881CF /* RobotUIKit.framework */; };
		84A7331F196C2850008881CF /* CoreMotion.framework in Frameworks */ = {isa = PBXBuildFile; fileRef = 84A7331E196C2850008881CF /* CoreMotion.framework */; };
		84A73321196C2862008881CF /* libsqlite3.0.dylib in Frameworks */ = {isa = PBXBuildFile; fileRef = 84A73320196C2862008881CF /* libsqlite3.0.dylib */; };
		84A73323196C2869008881CF /* ExternalAccessory.framework in Frameworks */ = {isa = PBXBuildFile; fileRef = 84A73322196C2869008881CF /* ExternalAccessory.framework */; };
		84A73326196C2BA0008881CF /* ModalViewController.m in Sources */ = {isa = PBXBuildFile; fileRef = 84A73325196C2BA0008881CF /* ModalViewController.m */; };
/* End PBXBuildFile section */

/* Begin PBXFileReference section */
		84A732E0196C26CE008881CF /* SpheroModal.app */ = {isa = PBXFileReference; explicitFileType = wrapper.application; includeInIndex = 0; path = SpheroModal.app; sourceTree = BUILT_PRODUCTS_DIR; };
		84A732E3196C26CE008881CF /* Foundation.framework */ = {isa = PBXFileReference; lastKnownFileType = wrapper.framework; name = Foundation.framework; path = System/Library/Frameworks/Foundation.framework; sourceTree = SDKROOT; };
		84A732E5196C26CE008881CF /* CoreGraphics.framework */ = {isa = PBXFileReference; lastKnownFileType = wrapper.framework; name = CoreGraphics.framework; path = System/Library/Frameworks/CoreGraphics.framework; sourceTree = SDKROOT; };
		84A732E7196C26CE008881CF /* UIKit.framework */ = {isa = PBXFileReference; lastKnownFileType = wrapper.framework; name = UIKit.framework; path = System/Library/Frameworks/UIKit.framework; sourceTree = SDKROOT; };
		84A732EB196C26CE008881CF /* SpheroModal-Info.plist */ = {isa = PBXFileReference; lastKnownFileType = text.plist.xml; path = "SpheroModal-Info.plist"; sourceTree = "<group>"; };
		84A732ED196C26CE008881CF /* en */ = {isa = PBXFileReference; lastKnownFileType = text.plist.strings; name = en; path = en.lproj/InfoPlist.strings; sourceTree = "<group>"; };
		84A732EF196C26CE008881CF /* main.m */ = {isa = PBXFileReference; lastKnownFileType = sourcecode.c.objc; path = main.m; sourceTree = "<group>"; };
		84A732F1196C26CE008881CF /* SpheroModal-Prefix.pch */ = {isa = PBXFileReference; lastKnownFileType = sourcecode.c.h; path = "SpheroModal-Prefix.pch"; sourceTree = "<group>"; };
		84A732F2196C26CE008881CF /* AppDelegate.h */ = {isa = PBXFileReference; lastKnownFileType = sourcecode.c.h; path = AppDelegate.h; sourceTree = "<group>"; };
		84A732F3196C26CE008881CF /* AppDelegate.m */ = {isa = PBXFileReference; lastKnownFileType = sourcecode.c.objc; path = AppDelegate.m; sourceTree = "<group>"; };
		84A732F6196C26CF008881CF /* Base */ = {isa = PBXFileReference; lastKnownFileType = file.storyboard; name = Base; path = Base.lproj/Main.storyboard; sourceTree = "<group>"; };
		84A732F8196C26CF008881CF /* ViewController.h */ = {isa = PBXFileReference; lastKnownFileType = sourcecode.c.h; path = ViewController.h; sourceTree = "<group>"; };
		84A732F9196C26CF008881CF /* ViewController.m */ = {isa = PBXFileReference; lastKnownFileType = sourcecode.c.objc; path = ViewController.m; sourceTree = "<group>"; };
		84A732FB196C26CF008881CF /* Images.xcassets */ = {isa = PBXFileReference; lastKnownFileType = folder.assetcatalog; path = Images.xcassets; sourceTree = "<group>"; };
		84A73318196C2836008881CF /* RobotKit.framework */ = {isa = PBXFileReference; lastKnownFileType = wrapper.framework; path = RobotKit.framework; sourceTree = "<group>"; };
		84A73319196C2836008881CF /* RobotUIKit.bundle */ = {isa = PBXFileReference; lastKnownFileType = "wrapper.plug-in"; path = RobotUIKit.bundle; sourceTree = "<group>"; };
		84A7331A196C2836008881CF /* RobotUIKit.framework */ = {isa = PBXFileReference; lastKnownFileType = wrapper.framework; path = RobotUIKit.framework; sourceTree = "<group>"; };
		84A7331E196C2850008881CF /* CoreMotion.framework */ = {isa = PBXFileReference; lastKnownFileType = wrapper.framework; name = CoreMotion.framework; path = System/Library/Frameworks/CoreMotion.framework; sourceTree = SDKROOT; };
		84A73320196C2862008881CF /* libsqlite3.0.dylib */ = {isa = PBXFileReference; lastKnownFileType = "compiled.mach-o.dylib"; name = libsqlite3.0.dylib; path = usr/lib/libsqlite3.0.dylib; sourceTree = SDKROOT; };
		84A73322196C2869008881CF /* ExternalAccessory.framework */ = {isa = PBXFileReference; lastKnownFileType = wrapper.framework; name = ExternalAccessory.framework; path = System/Library/Frameworks/ExternalAccessory.framework; sourceTree = SDKROOT; };
		84A73324196C2BA0008881CF /* ModalViewController.h */ = {isa = PBXFileReference; fileEncoding = 4; lastKnownFileType = sourcecode.c.h; path = ModalViewController.h; sourceTree = "<group>"; };
		84A73325196C2BA0008881CF /* ModalViewController.m */ = {isa = PBXFileReference; fileEncoding = 4; lastKnownFileType = sourcecode.c.objc; path = ModalViewController.m; sourceTree = "<group>"; };
/* End PBXFileReference section */

/* Begin PBXFrameworksBuildPhase section */
		84A732DD196C26CE008881CF /* Frameworks */ = {
			isa = PBXFrameworksBuildPhase;
			buildActionMask = 2147483647;
			files = (
				84A73323196C2869008881CF /* ExternalAccessory.framework in Frameworks */,
				84A73321196C2862008881CF /* libsqlite3.0.dylib in Frameworks */,
				84A7331F196C2850008881CF /* CoreMotion.framework in Frameworks */,
				84A7331D196C2836008881CF /* RobotUIKit.framework in Frameworks */,
				84A7331B196C2836008881CF /* RobotKit.framework in Frameworks */,
				84A732E6196C26CE008881CF /* CoreGraphics.framework in Frameworks */,
				84A732E8196C26CE008881CF /* UIKit.framework in Frameworks */,
				84A732E4196C26CE008881CF /* Foundation.framework in Frameworks */,
			);
			runOnlyForDeploymentPostprocessing = 0;
		};
/* End PBXFrameworksBuildPhase section */

/* Begin PBXGroup section */
		84A732D7196C26CE008881CF = {
			isa = PBXGroup;
			children = (
				84A732E9196C26CE008881CF /* SpheroModal */,
				84A732E2196C26CE008881CF /* Frameworks */,
				84A732E1196C26CE008881CF /* Products */,
			);
			sourceTree = "<group>";
		};
		84A732E1196C26CE008881CF /* Products */ = {
			isa = PBXGroup;
			children = (
				84A732E0196C26CE008881CF /* SpheroModal.app */,
			);
			name = Products;
			sourceTree = "<group>";
		};
		84A732E2196C26CE008881CF /* Frameworks */ = {
			isa = PBXGroup;
			children = (
				84A73322196C2869008881CF /* ExternalAccessory.framework */,
				84A73320196C2862008881CF /* libsqlite3.0.dylib */,
				84A7331E196C2850008881CF /* CoreMotion.framework */,
				84A73318196C2836008881CF /* RobotKit.framework */,
				84A73319196C2836008881CF /* RobotUIKit.bundle */,
				84A7331A196C2836008881CF /* RobotUIKit.framework */,
				84A732E3196C26CE008881CF /* Foundation.framework */,
				84A732E5196C26CE008881CF /* CoreGraphics.framework */,
				84A732E7196C26CE008881CF /* UIKit.framework */,
			);
			name = Frameworks;
			sourceTree = "<group>";
		};
		84A732E9196C26CE008881CF /* SpheroModal */ = {
			isa = PBXGroup;
			children = (
				84A732F2196C26CE008881CF /* AppDelegate.h */,
				84A732F3196C26CE008881CF /* AppDelegate.m */,
				84A732F5196C26CF008881CF /* Main.storyboard */,
				84A732F8196C26CF008881CF /* ViewController.h */,
				84A732F9196C26CF008881CF /* ViewController.m */,
				84A73324196C2BA0008881CF /* ModalViewController.h */,
				84A73325196C2BA0008881CF /* ModalViewController.m */,
				84A732FB196C26CF008881CF /* Images.xcassets */,
				84A732EA196C26CE008881CF /* Supporting Files */,
			);
			path = SpheroModal;
			sourceTree = "<group>";
		};
		84A732EA196C26CE008881CF /* Supporting Files */ = {
			isa = PBXGroup;
			children = (
				84A732EB196C26CE008881CF /* SpheroModal-Info.plist */,
				84A732EC196C26CE008881CF /* InfoPlist.strings */,
				84A732EF196C26CE008881CF /* main.m */,
				84A732F1196C26CE008881CF /* SpheroModal-Prefix.pch */,
			);
			name = "Supporting Files";
			sourceTree = "<group>";
		};
/* End PBXGroup section */

/* Begin PBXNativeTarget section */
		84A732DF196C26CE008881CF /* SpheroModal */ = {
			isa = PBXNativeTarget;
			buildConfigurationList = 84A73312196C26CF008881CF /* Build configuration list for PBXNativeTarget "SpheroModal" */;
			buildPhases = (
				84A732DC196C26CE008881CF /* Sources */,
				84A732DD196C26CE008881CF /* Frameworks */,
				84A732DE196C26CE008881CF /* Resources */,
			);
			buildRules = (
			);
			dependencies = (
			);
			name = SpheroModal;
			productName = SpheroModal;
			productReference = 84A732E0196C26CE008881CF /* SpheroModal.app */;
			productType = "com.apple.product-type.application";
		};
/* End PBXNativeTarget section */

/* Begin PBXProject section */
		84A732D8196C26CE008881CF /* Project object */ = {
			isa = PBXProject;
			attributes = {
				LastUpgradeCheck = 0510;
				ORGANIZATIONNAME = Edu;
			};
			buildConfigurationList = 84A732DB196C26CE008881CF /* Build configuration list for PBXProject "SpheroModal" */;
			compatibilityVersion = "Xcode 3.2";
			developmentRegion = English;
			hasScannedForEncodings = 0;
			knownRegions = (
				en,
				Base,
			);
			mainGroup = 84A732D7196C26CE008881CF;
			productRefGroup = 84A732E1196C26CE008881CF /* Products */;
			projectDirPath = "";
			projectRoot = "";
			targets = (
				84A732DF196C26CE008881CF /* SpheroModal */,
			);
		};
/* End PBXProject section */

/* Begin PBXResourcesBuildPhase section */
		84A732DE196C26CE008881CF /* Resources */ = {
			isa = PBXResourcesBuildPhase;
			buildActionMask = 2147483647;
			files = (
				84A732FC196C26CF008881CF /* Images.xcassets in Resources */,
				84A7331C196C2836008881CF /* RobotUIKit.bundle in Resources */,
				84A732EE196C26CE008881CF /* InfoPlist.strings in Resources */,
				84A732F7196C26CF008881CF /* Main.storyboard in Resources */,
			);
			runOnlyForDeploymentPostprocessing = 0;
		};
/* End PBXResourcesBuildPhase section */

/* Begin PBXSourcesBuildPhase section */
		84A732DC196C26CE008881CF /* Sources */ = {
			isa = PBXSourcesBuildPhase;
			buildActionMask = 2147483647;
			files = (
				84A73326196C2BA0008881CF /* ModalViewController.m in Sources */,
				84A732FA196C26CF008881CF /* ViewController.m in Sources */,
				84A732F4196C26CE008881CF /* AppDelegate.m in Sources */,
				84A732F0196C26CE008881CF /* main.m in Sources */,
			);
			runOnlyForDeploymentPostprocessing = 0;
		};
/* End PBXSourcesBuildPhase section */

/* Begin PBXVariantGroup section */
		84A732EC196C26CE008881CF /* InfoPlist.strings */ = {
			isa = PBXVariantGroup;
			children = (
				84A732ED196C26CE008881CF /* en */,
			);
			name = InfoPlist.strings;
			sourceTree = "<group>";
		};
		84A732F5196C26CF008881CF /* Main.storyboard */ = {
			isa = PBXVariantGroup;
			children = (
				84A732F6196C26CF008881CF /* Base */,
			);
			name = Main.storyboard;
			sourceTree = "<group>";
		};
/* End PBXVariantGroup section */

/* Begin XCBuildConfiguration section */
		84A73310196C26CF008881CF /* Debug */ = {
			isa = XCBuildConfiguration;
			buildSettings = {
				ALWAYS_SEARCH_USER_PATHS = NO;
				CLANG_CXX_LANGUAGE_STANDARD = "gnu++0x";
				CLANG_CXX_LIBRARY = "libc++";
				CLANG_ENABLE_MODULES = YES;
				CLANG_ENABLE_OBJC_ARC = YES;
				CLANG_WARN_BOOL_CONVERSION = YES;
				CLANG_WARN_CONSTANT_CONVERSION = YES;
				CLANG_WARN_DIRECT_OBJC_ISA_USAGE = YES_ERROR;
				CLANG_WARN_EMPTY_BODY = YES;
				CLANG_WARN_ENUM_CONVERSION = YES;
				CLANG_WARN_INT_CONVERSION = YES;
				CLANG_WARN_OBJC_ROOT_CLASS = YES_ERROR;
				CLANG_WARN__DUPLICATE_METHOD_MATCH = YES;
				"CODE_SIGN_IDENTITY[sdk=iphoneos*]" = "iPhone Developer";
				COPY_PHASE_STRIP = NO;
				GCC_C_LANGUAGE_STANDARD = gnu99;
				GCC_DYNAMIC_NO_PIC = NO;
				GCC_OPTIMIZATION_LEVEL = 0;
				GCC_PREPROCESSOR_DEFINITIONS = (
					"DEBUG=1",
					"$(inherited)",
				);
				GCC_SYMBOLS_PRIVATE_EXTERN = NO;
				GCC_WARN_64_TO_32_BIT_CONVERSION = YES;
				GCC_WARN_ABOUT_RETURN_TYPE = YES_ERROR;
				GCC_WARN_UNDECLARED_SELECTOR = YES;
				GCC_WARN_UNINITIALIZED_AUTOS = YES_AGGRESSIVE;
				GCC_WARN_UNUSED_FUNCTION = YES;
				GCC_WARN_UNUSED_VARIABLE = YES;
				IPHONEOS_DEPLOYMENT_TARGET = 6.0;
				ONLY_ACTIVE_ARCH = YES;
				OTHER_LDFLAGS = "-lstdc++";
				SDKROOT = iphoneos;
				VALID_ARCHS = "armv7 armv7s";
			};
			name = Debug;
		};
		84A73311196C26CF008881CF /* Release */ = {
			isa = XCBuildConfiguration;
			buildSettings = {
				ALWAYS_SEARCH_USER_PATHS = NO;
				CLANG_CXX_LANGUAGE_STANDARD = "gnu++0x";
				CLANG_CXX_LIBRARY = "libc++";
				CLANG_ENABLE_MODULES = YES;
				CLANG_ENABLE_OBJC_ARC = YES;
				CLANG_WARN_BOOL_CONVERSION = YES;
				CLANG_WARN_CONSTANT_CONVERSION = YES;
				CLANG_WARN_DIRECT_OBJC_ISA_USAGE = YES_ERROR;
				CLANG_WARN_EMPTY_BODY = YES;
				CLANG_WARN_ENUM_CONVERSION = YES;
				CLANG_WARN_INT_CONVERSION = YES;
				CLANG_WARN_OBJC_ROOT_CLASS = YES_ERROR;
				CLANG_WARN__DUPLICATE_METHOD_MATCH = YES;
				"CODE_SIGN_IDENTITY[sdk=iphoneos*]" = "iPhone Developer";
				COPY_PHASE_STRIP = YES;
				ENABLE_NS_ASSERTIONS = NO;
				GCC_C_LANGUAGE_STANDARD = gnu99;
				GCC_WARN_64_TO_32_BIT_CONVERSION = YES;
				GCC_WARN_ABOUT_RETURN_TYPE = YES_ERROR;
				GCC_WARN_UNDECLARED_SELECTOR = YES;
				GCC_WARN_UNINITIALIZED_AUTOS = YES_AGGRESSIVE;
				GCC_WARN_UNUSED_FUNCTION = YES;
				GCC_WARN_UNUSED_VARIABLE = YES;
				IPHONEOS_DEPLOYMENT_TARGET = 6.0;
				OTHER_LDFLAGS = "-lstdc++";
				SDKROOT = iphoneos;
				VALIDATE_PRODUCT = YES;
				VALID_ARCHS = "armv7 armv7s";
			};
			name = Release;
		};
		84A73313196C26CF008881CF /* Debug */ = {
			isa = XCBuildConfiguration;
			buildSettings = {
				ASSETCATALOG_COMPILER_APPICON_NAME = AppIcon;
				ASSETCATALOG_COMPILER_LAUNCHIMAGE_NAME = LaunchImage;
				FRAMEWORK_SEARCH_PATHS = (
					"$(inherited)",
					"$(PROJECT_DIR)",
				);
				GCC_PRECOMPILE_PREFIX_HEADER = YES;
				GCC_PREFIX_HEADER = "SpheroModal/SpheroModal-Prefix.pch";
				INFOPLIST_FILE = "SpheroModal/SpheroModal-Info.plist";
				PRODUCT_NAME = "$(TARGET_NAME)";
				VALID_ARCHS = "armv7 armv7s";
				WRAPPER_EXTENSION = app;
			};
			name = Debug;
		};
		84A73314196C26CF008881CF /* Release */ = {
			isa = XCBuildConfiguration;
			buildSettings = {
				ASSETCATALOG_COMPILER_APPICON_NAME = AppIcon;
				ASSETCATALOG_COMPILER_LAUNCHIMAGE_NAME = LaunchImage;
				FRAMEWORK_SEARCH_PATHS = (
					"$(inherited)",
					"$(PROJECT_DIR)",
				);
				GCC_PRECOMPILE_PREFIX_HEADER = YES;
				GCC_PREFIX_HEADER = "SpheroModal/SpheroModal-Prefix.pch";
				INFOPLIST_FILE = "SpheroModal/SpheroModal-Info.plist";
				PRODUCT_NAME = "$(TARGET_NAME)";
				VALID_ARCHS = "armv7 armv7s";
				WRAPPER_EXTENSION = app;
			};
			name = Release;
		};
/* End XCBuildConfiguration section */

/* Begin XCConfigurationList section */
		84A732DB196C26CE008881CF /* Build configuration list for PBXProject "SpheroModal" */ = {
			isa = XCConfigurationList;
			buildConfigurations = (
				84A73310196C26CF008881CF /* Debug */,
				84A73311196C26CF008881CF /* Release */,
			);
			defaultConfigurationIsVisible = 0;
			defaultConfigurationName = Release;
		};
		84A73312196C26CF008881CF /* Build configuration list for PBXNativeTarget "SpheroModal" */ = {
			isa = XCConfigurationList;
			buildConfigurations = (
				84A73313196C26CF008881CF /* Debug */,
				84A73314196C26CF008881CF /* Release */,
			);
			defaultConfigurationIsVisible = 0;
		};
/* End XCConfigurationList section */
	};
	rootObject = 84A732D8196C26CE008881CF /* Project object */;
}
