// !$*UTF8*$!
{
	archiveVersion = 1;
	classes = {
	};
	objectVersion = 46;
	objects = {

/* Begin PBXBuildFile section */
		18B410321B89C1E300526F66 /* AppDelegate.swift in Sources */ = {isa = PBXBuildFile; fileRef = 18B410311B89C1E300526F66 /* AppDelegate.swift */; };
		18B410341B89C1E300526F66 /* ViewController.swift in Sources */ = {isa = PBXBuildFile; fileRef = 18B410331B89C1E300526F66 /* ViewController.swift */; };
		18B410371B89C1E300526F66 /* Main.storyboard in Resources */ = {isa = PBXBuildFile; fileRef = 18B410351B89C1E300526F66 /* Main.storyboard */; };
		18B410391B89C1E300526F66 /* Images.xcassets in Resources */ = {isa = PBXBuildFile; fileRef = 18B410381B89C1E300526F66 /* Images.xcassets */; };
		18B4103C1B89C1E300526F66 /* LaunchScreen.xib in Resources */ = {isa = PBXBuildFile; fileRef = 18B4103A1B89C1E300526F66 /* LaunchScreen.xib */; };
		18B410521B89C1F900526F66 /* TableViewController.swift in Sources */ = {isa = PBXBuildFile; fileRef = 18B410511B89C1F900526F66 /* TableViewController.swift */; };
/* End PBXBuildFile section */

/* Begin PBXFileReference section */
		18B4102C1B89C1E300526F66 /* Containers.app */ = {isa = PBXFileReference; explicitFileType = wrapper.application; includeInIndex = 0; path = Containers.app; sourceTree = BUILT_PRODUCTS_DIR; };
		18B410301B89C1E300526F66 /* Info.plist */ = {isa = PBXFileReference; lastKnownFileType = text.plist.xml; path = Info.plist; sourceTree = "<group>"; };
		18B410311B89C1E300526F66 /* AppDelegate.swift */ = {isa = PBXFileReference; lastKnownFileType = sourcecode.swift; path = AppDelegate.swift; sourceTree = "<group>"; };
		18B410331B89C1E300526F66 /* ViewController.swift */ = {isa = PBXFileReference; lastKnownFileType = sourcecode.swift; path = ViewController.swift; sourceTree = "<group>"; };
		18B410361B89C1E300526F66 /* Base */ = {isa = PBXFileReference; lastKnownFileType = file.storyboard; name = Base; path = Base.lproj/Main.storyboard; sourceTree = "<group>"; };
		18B410381B89C1E300526F66 /* Images.xcassets */ = {isa = PBXFileReference; lastKnownFileType = folder.assetcatalog; path = Images.xcassets; sourceTree = "<group>"; };
		18B4103B1B89C1E300526F66 /* Base */ = {isa = PBXFileReference; lastKnownFileType = file.xib; name = Base; path = Base.lproj/LaunchScreen.xib; sourceTree = "<group>"; };
		18B410511B89C1F900526F66 /* TableViewController.swift */ = {isa = PBXFileReference; fileEncoding = 4; lastKnownFileType = sourcecode.swift; path = TableViewController.swift; sourceTree = "<group>"; };
/* End PBXFileReference section */

/* Begin PBXFrameworksBuildPhase section */
		18B410291B89C1E300526F66 /* Frameworks */ = {
			isa = PBXFrameworksBuildPhase;
			buildActionMask = 2147483647;
			files = (
			);
			runOnlyForDeploymentPostprocessing = 0;
		};
/* End PBXFrameworksBuildPhase section */

/* Begin PBXGroup section */
		18B410231B89C1E300526F66 = {
			isa = PBXGroup;
			children = (
				18B4102E1B89C1E300526F66 /* Containers */,
				18B4102D1B89C1E300526F66 /* Products */,
			);
			sourceTree = "<group>";
		};
		18B4102D1B89C1E300526F66 /* Products */ = {
			isa = PBXGroup;
			children = (
				18B4102C1B89C1E300526F66 /* Containers.app */,
			);
			name = Products;
			sourceTree = "<group>";
		};
		18B4102E1B89C1E300526F66 /* Containers */ = {
			isa = PBXGroup;
			children = (
				18B410311B89C1E300526F66 /* AppDelegate.swift */,
				18B410331B89C1E300526F66 /* ViewController.swift */,
				18B410511B89C1F900526F66 /* TableViewController.swift */,
				18B410351B89C1E300526F66 /* Main.storyboard */,
				18B410381B89C1E300526F66 /* Images.xcassets */,
				18B4103A1B89C1E300526F66 /* LaunchScreen.xib */,
				18B4102F1B89C1E300526F66 /* Supporting Files */,
			);
			path = Containers;
			sourceTree = "<group>";
		};
		18B4102F1B89C1E300526F66 /* Supporting Files */ = {
			isa = PBXGroup;
			children = (
				18B410301B89C1E300526F66 /* Info.plist */,
			);
			name = "Supporting Files";
			sourceTree = "<group>";
		};
/* End PBXGroup section */

/* Begin PBXNativeTarget section */
		18B4102B1B89C1E300526F66 /* Containers */ = {
			isa = PBXNativeTarget;
			buildConfigurationList = 18B4104B1B89C1E400526F66 /* Build configuration list for PBXNativeTarget "Containers" */;
			buildPhases = (
				18B410281B89C1E300526F66 /* Sources */,
				18B410291B89C1E300526F66 /* Frameworks */,
				18B4102A1B89C1E300526F66 /* Resources */,
			);
			buildRules = (
			);
			dependencies = (
			);
			name = Containers;
			productName = Containers;
			productReference = 18B4102C1B89C1E300526F66 /* Containers.app */;
			productType = "com.apple.product-type.application";
		};
/* End PBXNativeTarget section */

/* Begin PBXProject section */
		18B410241B89C1E300526F66 /* Project object */ = {
			isa = PBXProject;
			attributes = {
				LastSwiftUpdateCheck = 0700;
				LastUpgradeCheck = 0640;
				ORGANIZATIONNAME = "";
				TargetAttributes = {
					18B4102B1B89C1E300526F66 = {
						CreatedOnToolsVersion = 6.4;
					};
				};
			};
			buildConfigurationList = 18B410271B89C1E300526F66 /* Build configuration list for PBXProject "Containers" */;
			compatibilityVersion = "Xcode 3.2";
			developmentRegion = English;
			hasScannedForEncodings = 0;
			knownRegions = (
				en,
				Base,
			);
			mainGroup = 18B410231B89C1E300526F66;
			productRefGroup = 18B4102D1B89C1E300526F66 /* Products */;
			projectDirPath = "";
			projectRoot = "";
			targets = (
				18B4102B1B89C1E300526F66 /* Containers */,
			);
		};
/* End PBXProject section */

/* Begin PBXResourcesBuildPhase section */
		18B4102A1B89C1E300526F66 /* Resources */ = {
			isa = PBXResourcesBuildPhase;
			buildActionMask = 2147483647;
			files = (
				18B410371B89C1E300526F66 /* Main.storyboard in Resources */,
				18B4103C1B89C1E300526F66 /* LaunchScreen.xib in Resources */,
				18B410391B89C1E300526F66 /* Images.xcassets in Resources */,
			);
			runOnlyForDeploymentPostprocessing = 0;
		};
/* End PBXResourcesBuildPhase section */

/* Begin PBXSourcesBuildPhase section */
		18B410281B89C1E300526F66 /* Sources */ = {
			isa = PBXSourcesBuildPhase;
			buildActionMask = 2147483647;
			files = (
				18B410341B89C1E300526F66 /* ViewController.swift in Sources */,
				18B410521B89C1F900526F66 /* TableViewController.swift in Sources */,
				18B410321B89C1E300526F66 /* AppDelegate.swift in Sources */,
			);
			runOnlyForDeploymentPostprocessing = 0;
		};
/* End PBXSourcesBuildPhase section */

/* Begin PBXVariantGroup section */
		18B410351B89C1E300526F66 /* Main.storyboard */ = {
			isa = PBXVariantGroup;
			children = (
				18B410361B89C1E300526F66 /* Base */,
			);
			name = Main.storyboard;
			sourceTree = "<group>";
		};
		18B4103A1B89C1E300526F66 /* LaunchScreen.xib */ = {
			isa = PBXVariantGroup;
			children = (
				18B4103B1B89C1E300526F66 /* Base */,
			);
			name = LaunchScreen.xib;
			sourceTree = "<group>";
		};
/* End PBXVariantGroup section */

/* Begin XCBuildConfiguration section */
		18B410491B89C1E400526F66 /* Debug */ = {
			isa = XCBuildConfiguration;
			buildSettings = {
				ALWAYS_SEARCH_USER_PATHS = NO;
				CLANG_CXX_LANGUAGE_STANDARD = "gnu++0x";
				CLANG_CXX_LIBRARY = "libc++";
				CLANG_ENABLE_MODULES = YES;
				CLANG_ENABLE_OBJC_ARC = YES;
				CLANG_WARN_BOOL_CONVERSION = YES;
				CLANG_WARN_CONSTANT_CONVERSION = YES;
				CLANG_WARN_DIRECT_OBJC_ISA_USAGE = YES_ERROR;
				CLANG_WARN_EMPTY_BODY = YES;
				CLANG_WARN_ENUM_CONVERSION = YES;
				CLANG_WARN_INT_CONVERSION = YES;
				CLANG_WARN_OBJC_ROOT_CLASS = YES_ERROR;
				CLANG_WARN_UNREACHABLE_CODE = YES;
				CLANG_WARN__DUPLICATE_METHOD_MATCH = YES;
				"CODE_SIGN_IDENTITY[sdk=iphoneos*]" = "iPhone Developer";
				COPY_PHASE_STRIP = NO;
				DEBUG_INFORMATION_FORMAT = "dwarf-with-dsym";
				ENABLE_STRICT_OBJC_MSGSEND = YES;
				GCC_C_LANGUAGE_STANDARD = gnu99;
				GCC_DYNAMIC_NO_PIC = NO;
				GCC_NO_COMMON_BLOCKS = YES;
				GCC_OPTIMIZATION_LEVEL = 0;
				GCC_PREPROCESSOR_DEFINITIONS = (
					"DEBUG=1",
					"$(inherited)",
				);
				GCC_SYMBOLS_PRIVATE_EXTERN = NO;
				GCC_WARN_64_TO_32_BIT_CONVERSION = YES;
				GCC_WARN_ABOUT_RETURN_TYPE = YES_ERROR;
				GCC_WARN_UNDECLARED_SELECTOR = YES;
				GCC_WARN_UNINITIALIZED_AUTOS = YES_AGGRESSIVE;
				GCC_WARN_UNUSED_FUNCTION = YES;
				GCC_WARN_UNUSED_VARIABLE = YES;
				IPHONEOS_DEPLOYMENT_TARGET = 8.4;
				MTL_ENABLE_DEBUG_INFO = YES;
				ONLY_ACTIVE_ARCH = YES;
				SDKROOT = iphoneos;
				SWIFT_OPTIMIZATION_LEVEL = "-Onone";
				TARGETED_DEVICE_FAMILY = "1,2";
			};
			name = Debug;
		};
		18B4104A1B89C1E400526F66 /* Release */ = {
			isa = XCBuildConfiguration;
			buildSettings = {
				ALWAYS_SEARCH_USER_PATHS = NO;
				CLANG_CXX_LANGUAGE_STANDARD = "gnu++0x";
				CLANG_CXX_LIBRARY = "libc++";
				CLANG_ENABLE_MODULES = YES;
				CLANG_ENABLE_OBJC_ARC = YES;
				CLANG_WARN_BOOL_CONVERSION = YES;
				CLANG_WARN_CONSTANT_CONVERSION = YES;
				CLANG_WARN_DIRECT_OBJC_ISA_USAGE = YES_ERROR;
				CLANG_WARN_EMPTY_BODY = YES;
				CLANG_WARN_ENUM_CONVERSION = YES;
				CLANG_WARN_INT_CONVERSION = YES;
				CLANG_WARN_OBJC_ROOT_CLASS = YES_ERROR;
				CLANG_WARN_UNREACHABLE_CODE = YES;
				CLANG_WARN__DUPLICATE_METHOD_MATCH = YES;
				"CODE_SIGN_IDENTITY[sdk=iphoneos*]" = "iPhone Developer";
				COPY_PHASE_STRIP = NO;
				DEBUG_INFORMATION_FORMAT = "dwarf-with-dsym";
				ENABLE_NS_ASSERTIONS = NO;
				ENABLE_STRICT_OBJC_MSGSEND = YES;
				GCC_C_LANGUAGE_STANDARD = gnu99;
				GCC_NO_COMMON_BLOCKS = YES;
				GCC_WARN_64_TO_32_BIT_CONVERSION = YES;
				GCC_WARN_ABOUT_RETURN_TYPE = YES_ERROR;
				GCC_WARN_UNDECLARED_SELECTOR = YES;
				GCC_WARN_UNINITIALIZED_AUTOS = YES_AGGRESSIVE;
				GCC_WARN_UNUSED_FUNCTION = YES;
				GCC_WARN_UNUSED_VARIABLE = YES;
				IPHONEOS_DEPLOYMENT_TARGET = 8.4;
				MTL_ENABLE_DEBUG_INFO = NO;
				SDKROOT = iphoneos;
				TARGETED_DEVICE_FAMILY = "1,2";
				VALIDATE_PRODUCT = YES;
			};
			name = Release;
		};
		18B4104C1B89C1E400526F66 /* Debug */ = {
			isa = XCBuildConfiguration;
			buildSettings = {
				ASSETCATALOG_COMPILER_APPICON_NAME = AppIcon;
				INFOPLIST_FILE = Containers/Info.plist;
				LD_RUNPATH_SEARCH_PATHS = "$(inherited) @executable_path/Frameworks";
				PRODUCT_NAME = "$(TARGET_NAME)";
			};
			name = Debug;
		};
		18B4104D1B89C1E400526F66 /* Release */ = {
			isa = XCBuildConfiguration;
			buildSettings = {
				ASSETCATALOG_COMPILER_APPICON_NAME = AppIcon;
				INFOPLIST_FILE = Containers/Info.plist;
				LD_RUNPATH_SEARCH_PATHS = "$(inherited) @executable_path/Frameworks";
				PRODUCT_NAME = "$(TARGET_NAME)";
			};
			name = Release;
		};
/* End XCBuildConfiguration section */

/* Begin XCConfigurationList section */
		18B410271B89C1E300526F66 /* Build configuration list for PBXProject "Containers" */ = {
			isa = XCConfigurationList;
			buildConfigurations = (
				18B410491B89C1E400526F66 /* Debug */,
				18B4104A1B89C1E400526F66 /* Release */,
			);
			defaultConfigurationIsVisible = 0;
			defaultConfigurationName = Release;
		};
		18B4104B1B89C1E400526F66 /* Build configuration list for PBXNativeTarget "Containers" */ = {
			isa = XCConfigurationList;
			buildConfigurations = (
				18B4104C1B89C1E400526F66 /* Debug */,
				18B4104D1B89C1E400526F66 /* Release */,
			);
			defaultConfigurationIsVisible = 0;
			defaultConfigurationName = Release;
		};
/* End XCConfigurationList section */
	};
	rootObject = 18B410241B89C1E300526F66 /* Project object */;
}
